// !$*UTF8*$!
{
	archiveVersion = 1;
	classes = {
	};
	objectVersion = 46;
	objects = {

/* Begin PBXBuildFile section */
		1D3623260D0F684500981E51 /* GrowingTextViewExampleAppDelegate.m in Sources */ = {isa = PBXBuildFile; fileRef = 1D3623250D0F684500981E51 /* GrowingTextViewExampleAppDelegate.m */; };
		1D60589B0D05DD56006BFB54 /* main.m in Sources */ = {isa = PBXBuildFile; fileRef = 29B97316FDCFA39411CA2CEA /* main.m */; };
		1D60589F0D05DD5A006BFB54 /* Foundation.framework in Frameworks */ = {isa = PBXBuildFile; fileRef = 1D30AB110D05D00D00671497 /* Foundation.framework */; };
		1DF5F4E00D08C38300B7A737 /* UIKit.framework in Frameworks */ = {isa = PBXBuildFile; fileRef = 1DF5F4DF0D08C38300B7A737 /* UIKit.framework */; };
		28AD733F0D9D9553002E5188 /* MainWindow.xib in Resources */ = {isa = PBXBuildFile; fileRef = 28AD733E0D9D9553002E5188 /* MainWindow.xib */; };
		28D7ACF80DDB3853001CB0EB /* GrowingTextViewExampleViewController.m in Sources */ = {isa = PBXBuildFile; fileRef = 28D7ACF70DDB3853001CB0EB /* GrowingTextViewExampleViewController.m */; };
		3A6144DE17719E8500311E3E /* Default-568h@2x.png in Resources */ = {isa = PBXBuildFile; fileRef = 3A6144DD17719E8500311E3E /* Default-568h@2x.png */; };
		3AC80F9613EC953D00712F9A /* MessageEntryBackground.png in Resources */ = {isa = PBXBuildFile; fileRef = 3AC80F9213EC953D00712F9A /* MessageEntryBackground.png */; };
		3AC80F9713EC953D00712F9A /* MessageEntryBackground@2x.png in Resources */ = {isa = PBXBuildFile; fileRef = 3AC80F9313EC953D00712F9A /* MessageEntryBackground@2x.png */; };
		3AC80F9813EC953D00712F9A /* MessageEntryInputField.png in Resources */ = {isa = PBXBuildFile; fileRef = 3AC80F9413EC953D00712F9A /* MessageEntryInputField.png */; };
		3AC80F9913EC953D00712F9A /* MessageEntryInputField@2x.png in Resources */ = {isa = PBXBuildFile; fileRef = 3AC80F9513EC953D00712F9A /* MessageEntryInputField@2x.png */; };
		3ADB373513EE98D60006E262 /* MessageEntrySendButton.png in Resources */ = {isa = PBXBuildFile; fileRef = 3ADB373113EE98D60006E262 /* MessageEntrySendButton.png */; };
		3ADB373613EE98D60006E262 /* MessageEntrySendButton@2x.png in Resources */ = {isa = PBXBuildFile; fileRef = 3ADB373213EE98D60006E262 /* MessageEntrySendButton@2x.png */; };
		3ADB373713EE98D60006E262 /* MessageEntrySendButtonPressed.png in Resources */ = {isa = PBXBuildFile; fileRef = 3ADB373313EE98D60006E262 /* MessageEntrySendButtonPressed.png */; };
		3ADB373813EE98D60006E262 /* MessageEntrySendButtonPressed@2x.png in Resources */ = {isa = PBXBuildFile; fileRef = 3ADB373413EE98D60006E262 /* MessageEntrySendButtonPressed@2x.png */; };
		775FB9F74A6D40AD86111B37 /* libPods-GrowingTextViewExample.a in Frameworks */ = {isa = PBXBuildFile; fileRef = 46EC3202207249A589809461 /* libPods-GrowingTextViewExample.a */; };
		9414167D17B626B20079AD29 /* HPGrowingTextView.m in Sources */ = {isa = PBXBuildFile; fileRef = 9414167A17B626B20079AD29 /* HPGrowingTextView.m */; };
		9414167E17B626B20079AD29 /* HPTextViewInternal.m in Sources */ = {isa = PBXBuildFile; fileRef = 9414167C17B626B20079AD29 /* HPTextViewInternal.m */; };
		945A491F186D8D8A00C1F21F /* s_aniways_ebp_icons_button.png in Resources */ = {isa = PBXBuildFile; fileRef = 945A491B186D8D8A00C1F21F /* s_aniways_ebp_icons_button.png */; };
		945A4920186D8D8A00C1F21F /* s_aniways_ebp_icons_button@2x.png in Resources */ = {isa = PBXBuildFile; fileRef = 945A491C186D8D8A00C1F21F /* s_aniways_ebp_icons_button@2x.png */; };
		945A4921186D8D8A00C1F21F /* s_aniways_ebp_keyboard_button.png in Resources */ = {isa = PBXBuildFile; fileRef = 945A491D186D8D8A00C1F21F /* s_aniways_ebp_keyboard_button.png */; };
		945A4922186D8D8A00C1F21F /* s_aniways_ebp_keyboard_button@2x.png in Resources */ = {isa = PBXBuildFile; fileRef = 945A491E186D8D8A00C1F21F /* s_aniways_ebp_keyboard_button@2x.png */; };
		94999C1917CB9A5E007282AE /* MessageBubbleBlue.png in Resources */ = {isa = PBXBuildFile; fileRef = 94999C1717CB9A5E007282AE /* MessageBubbleBlue.png */; };
		94999C1A17CB9A5E007282AE /* MessageBubbleBlue@2x.png in Resources */ = {isa = PBXBuildFile; fileRef = 94999C1817CB9A5E007282AE /* MessageBubbleBlue@2x.png */; };
/* End PBXBuildFile section */

/* Begin PBXFileReference section */
		1D30AB110D05D00D00671497 /* Foundation.framework */ = {isa = PBXFileReference; lastKnownFileType = wrapper.framework; name = Foundation.framework; path = System/Library/Frameworks/Foundation.framework; sourceTree = SDKROOT; };
		1D3623240D0F684500981E51 /* GrowingTextViewExampleAppDelegate.h */ = {isa = PBXFileReference; fileEncoding = 4; lastKnownFileType = sourcecode.c.h; path = GrowingTextViewExampleAppDelegate.h; sourceTree = "<group>"; };
		1D3623250D0F684500981E51 /* GrowingTextViewExampleAppDelegate.m */ = {isa = PBXFileReference; fileEncoding = 4; lastKnownFileType = sourcecode.c.objc; path = GrowingTextViewExampleAppDelegate.m; sourceTree = "<group>"; };
		1D6058910D05DD3D006BFB54 /* demoApp.app */ = {isa = PBXFileReference; explicitFileType = wrapper.application; includeInIndex = 0; path = demoApp.app; sourceTree = BUILT_PRODUCTS_DIR; };
		1DF5F4DF0D08C38300B7A737 /* UIKit.framework */ = {isa = PBXFileReference; lastKnownFileType = wrapper.framework; name = UIKit.framework; path = System/Library/Frameworks/UIKit.framework; sourceTree = SDKROOT; };
		288765A40DF7441C002DB57D /* CoreGraphics.framework */ = {isa = PBXFileReference; lastKnownFileType = wrapper.framework; name = CoreGraphics.framework; path = System/Library/Frameworks/CoreGraphics.framework; sourceTree = SDKROOT; };
		28AD733E0D9D9553002E5188 /* MainWindow.xib */ = {isa = PBXFileReference; lastKnownFileType = file.xib; path = MainWindow.xib; sourceTree = "<group>"; };
		28D7ACF60DDB3853001CB0EB /* GrowingTextViewExampleViewController.h */ = {isa = PBXFileReference; fileEncoding = 4; lastKnownFileType = sourcecode.c.h; path = GrowingTextViewExampleViewController.h; sourceTree = "<group>"; };
		28D7ACF70DDB3853001CB0EB /* GrowingTextViewExampleViewController.m */ = {isa = PBXFileReference; fileEncoding = 4; lastKnownFileType = sourcecode.c.objc; path = GrowingTextViewExampleViewController.m; sourceTree = "<group>"; };
		29B97316FDCFA39411CA2CEA /* main.m */ = {isa = PBXFileReference; fileEncoding = 4; lastKnownFileType = sourcecode.c.objc; path = main.m; sourceTree = "<group>"; };
		32CA4F630368D1EE00C91783 /* GrowingTextViewExample_Prefix.pch */ = {isa = PBXFileReference; fileEncoding = 4; lastKnownFileType = sourcecode.c.h; path = GrowingTextViewExample_Prefix.pch; sourceTree = "<group>"; };
		3A6144DD17719E8500311E3E /* Default-568h@2x.png */ = {isa = PBXFileReference; lastKnownFileType = image.png; path = "Default-568h@2x.png"; sourceTree = "<group>"; };
		3AC80F9213EC953D00712F9A /* MessageEntryBackground.png */ = {isa = PBXFileReference; lastKnownFileType = image.png; path = MessageEntryBackground.png; sourceTree = "<group>"; };
		3AC80F9313EC953D00712F9A /* MessageEntryBackground@2x.png */ = {isa = PBXFileReference; lastKnownFileType = image.png; path = "MessageEntryBackground@2x.png"; sourceTree = "<group>"; };
		3AC80F9413EC953D00712F9A /* MessageEntryInputField.png */ = {isa = PBXFileReference; lastKnownFileType = image.png; path = MessageEntryInputField.png; sourceTree = "<group>"; };
		3AC80F9513EC953D00712F9A /* MessageEntryInputField@2x.png */ = {isa = PBXFileReference; lastKnownFileType = image.png; path = "MessageEntryInputField@2x.png"; sourceTree = "<group>"; };
		3ADB373113EE98D60006E262 /* MessageEntrySendButton.png */ = {isa = PBXFileReference; lastKnownFileType = image.png; path = MessageEntrySendButton.png; sourceTree = "<group>"; };
		3ADB373213EE98D60006E262 /* MessageEntrySendButton@2x.png */ = {isa = PBXFileReference; lastKnownFileType = image.png; path = "MessageEntrySendButton@2x.png"; sourceTree = "<group>"; };
		3ADB373313EE98D60006E262 /* MessageEntrySendButtonPressed.png */ = {isa = PBXFileReference; lastKnownFileType = image.png; path = MessageEntrySendButtonPressed.png; sourceTree = "<group>"; };
		3ADB373413EE98D60006E262 /* MessageEntrySendButtonPressed@2x.png */ = {isa = PBXFileReference; lastKnownFileType = image.png; path = "MessageEntrySendButtonPressed@2x.png"; sourceTree = "<group>"; };
		46EC3202207249A589809461 /* libPods-GrowingTextViewExample.a */ = {isa = PBXFileReference; explicitFileType = archive.ar; includeInIndex = 0; path = "libPods-GrowingTextViewExample.a"; sourceTree = BUILT_PRODUCTS_DIR; };
		8D1107310486CEB800E47090 /* GrowingTextViewExample-Info.plist */ = {isa = PBXFileReference; fileEncoding = 4; lastKnownFileType = text.plist.xml; path = "GrowingTextViewExample-Info.plist"; plistStructureDefinitionIdentifier = "com.apple.xcode.plist.structure-definition.iphone.info-plist"; sourceTree = "<group>"; };
		9414167917B626B20079AD29 /* HPGrowingTextView.h */ = {isa = PBXFileReference; fileEncoding = 4; lastKnownFileType = sourcecode.c.h; name = HPGrowingTextView.h; path = Classes/HPGrowingTextView.h; sourceTree = SOURCE_ROOT; };
		9414167A17B626B20079AD29 /* HPGrowingTextView.m */ = {isa = PBXFileReference; fileEncoding = 4; lastKnownFileType = sourcecode.c.objc; name = HPGrowingTextView.m; path = Classes/HPGrowingTextView.m; sourceTree = SOURCE_ROOT; };
		9414167B17B626B20079AD29 /* HPTextViewInternal.h */ = {isa = PBXFileReference; fileEncoding = 4; lastKnownFileType = sourcecode.c.h; name = HPTextViewInternal.h; path = Classes/HPTextViewInternal.h; sourceTree = SOURCE_ROOT; };
		9414167C17B626B20079AD29 /* HPTextViewInternal.m */ = {isa = PBXFileReference; fileEncoding = 4; lastKnownFileType = sourcecode.c.objc; name = HPTextViewInternal.m; path = Classes/HPTextViewInternal.m; sourceTree = SOURCE_ROOT; };
		9414169B17B62B240079AD29 /* SystemConfiguration.framework */ = {isa = PBXFileReference; lastKnownFileType = wrapper.framework; name = SystemConfiguration.framework; path = System/Library/Frameworks/SystemConfiguration.framework; sourceTree = SDKROOT; };
		9414169D17B62B340079AD29 /* QuartzCore.framework */ = {isa = PBXFileReference; lastKnownFileType = wrapper.framework; name = QuartzCore.framework; path = System/Library/Frameworks/QuartzCore.framework; sourceTree = SDKROOT; };
		941416A117B62B530079AD29 /* CFNetwork.framework */ = {isa = PBXFileReference; lastKnownFileType = wrapper.framework; name = CFNetwork.framework; path = System/Library/Frameworks/CFNetwork.framework; sourceTree = SDKROOT; };
		941416A317B62B790079AD29 /* CoreData.framework */ = {isa = PBXFileReference; lastKnownFileType = wrapper.framework; name = CoreData.framework; path = System/Library/Frameworks/CoreData.framework; sourceTree = SDKROOT; };
		941416A517B62B870079AD29 /* MobileCoreServices.framework */ = {isa = PBXFileReference; lastKnownFileType = wrapper.framework; name = MobileCoreServices.framework; path = System/Library/Frameworks/MobileCoreServices.framework; sourceTree = SDKROOT; };
		941480D3189FCF070032CF09 /* CoreTelephony.framework */ = {isa = PBXFileReference; lastKnownFileType = wrapper.framework; name = CoreTelephony.framework; path = System/Library/Frameworks/CoreTelephony.framework; sourceTree = SDKROOT; };
		941480D5189FCF100032CF09 /* AdSupport.framework */ = {isa = PBXFileReference; lastKnownFileType = wrapper.framework; name = AdSupport.framework; path = System/Library/Frameworks/AdSupport.framework; sourceTree = SDKROOT; };
		94257964182FCF21001AE622 /* StoreKit.framework */ = {isa = PBXFileReference; lastKnownFileType = wrapper.framework; name = StoreKit.framework; path = System/Library/Frameworks/StoreKit.framework; sourceTree = SDKROOT; };
		94257966182FCF2F001AE622 /* AVFoundation.framework */ = {isa = PBXFileReference; lastKnownFileType = wrapper.framework; name = AVFoundation.framework; path = System/Library/Frameworks/AVFoundation.framework; sourceTree = SDKROOT; };
		943BF815183FF74D003C703D /* CoreLocation.framework */ = {isa = PBXFileReference; lastKnownFileType = wrapper.framework; name = CoreLocation.framework; path = System/Library/Frameworks/CoreLocation.framework; sourceTree = SDKROOT; };
		9456CDAD281D4B96AD94D472 /* Pods-GrowingTextViewExample.xcconfig */ = {isa = PBXFileReference; includeInIndex = 1; lastKnownFileType = text.xcconfig; name = "Pods-GrowingTextViewExample.xcconfig"; path = "Pods/Pods-GrowingTextViewExample.xcconfig"; sourceTree = "<group>"; };
		945A491B186D8D8A00C1F21F /* s_aniways_ebp_icons_button.png */ = {isa = PBXFileReference; lastKnownFileType = image.png; path = s_aniways_ebp_icons_button.png; sourceTree = "<group>"; };
		945A491C186D8D8A00C1F21F /* s_aniways_ebp_icons_button@2x.png */ = {isa = PBXFileReference; lastKnownFileType = image.png; path = "s_aniways_ebp_icons_button@2x.png"; sourceTree = "<group>"; };
		945A491D186D8D8A00C1F21F /* s_aniways_ebp_keyboard_button.png */ = {isa = PBXFileReference; lastKnownFileType = image.png; path = s_aniways_ebp_keyboard_button.png; sourceTree = "<group>"; };
		945A491E186D8D8A00C1F21F /* s_aniways_ebp_keyboard_button@2x.png */ = {isa = PBXFileReference; lastKnownFileType = image.png; path = "s_aniways_ebp_keyboard_button@2x.png"; sourceTree = "<group>"; };
		945A49C7186E31E900C1F21F /* libz.dylib */ = {isa = PBXFileReference; lastKnownFileType = "compiled.mach-o.dylib"; name = libz.dylib; path = usr/lib/libz.dylib; sourceTree = SDKROOT; };
		94999C1717CB9A5E007282AE /* MessageBubbleBlue.png */ = {isa = PBXFileReference; lastKnownFileType = image.png; path = MessageBubbleBlue.png; sourceTree = "<group>"; };
		94999C1817CB9A5E007282AE /* MessageBubbleBlue@2x.png */ = {isa = PBXFileReference; lastKnownFileType = image.png; path = "MessageBubbleBlue@2x.png"; sourceTree = "<group>"; };
/* End PBXFileReference section */

/* Begin PBXFrameworksBuildPhase section */
		1D60588F0D05DD3D006BFB54 /* Frameworks */ = {
			isa = PBXFrameworksBuildPhase;
			buildActionMask = 2147483647;
			files = (
				1D60589F0D05DD5A006BFB54 /* Foundation.framework in Frameworks */,
				1DF5F4E00D08C38300B7A737 /* UIKit.framework in Frameworks */,
				775FB9F74A6D40AD86111B37 /* libPods-GrowingTextViewExample.a in Frameworks */,
			);
			runOnlyForDeploymentPostprocessing = 0;
		};
/* End PBXFrameworksBuildPhase section */

/* Begin PBXGroup section */
		080E96DDFE201D6D7F000001 /* Classes */ = {
			isa = PBXGroup;
			children = (
				3A5B30C913EC633200DB7A65 /* HPGrowingTextView */,
				1D3623240D0F684500981E51 /* GrowingTextViewExampleAppDelegate.h */,
				1D3623250D0F684500981E51 /* GrowingTextViewExampleAppDelegate.m */,
				28D7ACF60DDB3853001CB0EB /* GrowingTextViewExampleViewController.h */,
				28D7ACF70DDB3853001CB0EB /* GrowingTextViewExampleViewController.m */,
			);
			path = Classes;
			sourceTree = "<group>";
		};
		19C28FACFE9D520D11CA2CBB /* Products */ = {
			isa = PBXGroup;
			children = (
				1D6058910D05DD3D006BFB54 /* demoApp.app */,
			);
			name = Products;
			sourceTree = "<group>";
		};
		29B97314FDCFA39411CA2CEA /* CustomTemplate */ = {
			isa = PBXGroup;
			children = (
				080E96DDFE201D6D7F000001 /* Classes */,
				29B97315FDCFA39411CA2CEA /* Other Sources */,
				29B97317FDCFA39411CA2CEA /* Resources */,
				29B97323FDCFA39411CA2CEA /* Frameworks */,
				19C28FACFE9D520D11CA2CBB /* Products */,
				9456CDAD281D4B96AD94D472 /* Pods-GrowingTextViewExample.xcconfig */,
			);
			name = CustomTemplate;
			sourceTree = "<group>";
		};
		29B97315FDCFA39411CA2CEA /* Other Sources */ = {
			isa = PBXGroup;
			children = (
				3A6144DD17719E8500311E3E /* Default-568h@2x.png */,
				32CA4F630368D1EE00C91783 /* GrowingTextViewExample_Prefix.pch */,
				29B97316FDCFA39411CA2CEA /* main.m */,
			);
			name = "Other Sources";
			sourceTree = "<group>";
		};
		29B97317FDCFA39411CA2CEA /* Resources */ = {
			isa = PBXGroup;
			children = (
				945A491B186D8D8A00C1F21F /* s_aniways_ebp_icons_button.png */,
				945A491C186D8D8A00C1F21F /* s_aniways_ebp_icons_button@2x.png */,
				945A491D186D8D8A00C1F21F /* s_aniways_ebp_keyboard_button.png */,
				945A491E186D8D8A00C1F21F /* s_aniways_ebp_keyboard_button@2x.png */,
				94999C1717CB9A5E007282AE /* MessageBubbleBlue.png */,
				94999C1817CB9A5E007282AE /* MessageBubbleBlue@2x.png */,
				3ADB373113EE98D60006E262 /* MessageEntrySendButton.png */,
				3ADB373213EE98D60006E262 /* MessageEntrySendButton@2x.png */,
				3ADB373313EE98D60006E262 /* MessageEntrySendButtonPressed.png */,
				3ADB373413EE98D60006E262 /* MessageEntrySendButtonPressed@2x.png */,
				3AC80F9213EC953D00712F9A /* MessageEntryBackground.png */,
				3AC80F9313EC953D00712F9A /* MessageEntryBackground@2x.png */,
				3AC80F9413EC953D00712F9A /* MessageEntryInputField.png */,
				3AC80F9513EC953D00712F9A /* MessageEntryInputField@2x.png */,
				28AD733E0D9D9553002E5188 /* MainWindow.xib */,
				8D1107310486CEB800E47090 /* GrowingTextViewExample-Info.plist */,
			);
			name = Resources;
			sourceTree = "<group>";
		};
		29B97323FDCFA39411CA2CEA /* Frameworks */ = {
			isa = PBXGroup;
			children = (
				941480D5189FCF100032CF09 /* AdSupport.framework */,
				941480D3189FCF070032CF09 /* CoreTelephony.framework */,
				945A49C7186E31E900C1F21F /* libz.dylib */,
				943BF815183FF74D003C703D /* CoreLocation.framework */,
				94257966182FCF2F001AE622 /* AVFoundation.framework */,
				94257964182FCF21001AE622 /* StoreKit.framework */,
				941416A517B62B870079AD29 /* MobileCoreServices.framework */,
				941416A317B62B790079AD29 /* CoreData.framework */,
				941416A117B62B530079AD29 /* CFNetwork.framework */,
				9414169D17B62B340079AD29 /* QuartzCore.framework */,
				9414169B17B62B240079AD29 /* SystemConfiguration.framework */,
				1DF5F4DF0D08C38300B7A737 /* UIKit.framework */,
				1D30AB110D05D00D00671497 /* Foundation.framework */,
				288765A40DF7441C002DB57D /* CoreGraphics.framework */,
				46EC3202207249A589809461 /* libPods-GrowingTextViewExample.a */,
			);
			name = Frameworks;
			sourceTree = "<group>";
		};
		3A5B30C913EC633200DB7A65 /* HPGrowingTextView */ = {
			isa = PBXGroup;
			children = (
				9414167917B626B20079AD29 /* HPGrowingTextView.h */,
				9414167A17B626B20079AD29 /* HPGrowingTextView.m */,
				9414167B17B626B20079AD29 /* HPTextViewInternal.h */,
				9414167C17B626B20079AD29 /* HPTextViewInternal.m */,
			);
			name = HPGrowingTextView;
			path = ../../class;
			sourceTree = "<group>";
		};
/* End PBXGroup section */

/* Begin PBXNativeTarget section */
		1D6058900D05DD3D006BFB54 /* GrowingTextViewExample */ = {
			isa = PBXNativeTarget;
			buildConfigurationList = 1D6058960D05DD3E006BFB54 /* Build configuration list for PBXNativeTarget "GrowingTextViewExample" */;
			buildPhases = (
				5E58A370B2DB4667A21B3A99 /* Check Pods Manifest.lock */,
				1D60588D0D05DD3D006BFB54 /* Resources */,
				1D60588E0D05DD3D006BFB54 /* Sources */,
				1D60588F0D05DD3D006BFB54 /* Frameworks */,
				46FCC5F027E343CB914BA97D /* Copy Pods Resources */,
			);
			buildRules = (
			);
			dependencies = (
			);
			name = GrowingTextViewExample;
			productName = GrowingTextViewExample;
			productReference = 1D6058910D05DD3D006BFB54 /* demoApp.app */;
			productType = "com.apple.product-type.application";
		};
/* End PBXNativeTarget section */

/* Begin PBXProject section */
		29B97313FDCFA39411CA2CEA /* Project object */ = {
			isa = PBXProject;
			attributes = {
				LastUpgradeCheck = 0500;
			};
			buildConfigurationList = C01FCF4E08A954540054247B /* Build configuration list for PBXProject "GrowingTextViewExample" */;
			compatibilityVersion = "Xcode 3.2";
			developmentRegion = English;
			hasScannedForEncodings = 1;
			knownRegions = (
				English,
				Japanese,
				French,
				German,
			);
			mainGroup = 29B97314FDCFA39411CA2CEA /* CustomTemplate */;
			projectDirPath = "";
			projectRoot = "";
			targets = (
				1D6058900D05DD3D006BFB54 /* GrowingTextViewExample */,
			);
		};
/* End PBXProject section */

/* Begin PBXResourcesBuildPhase section */
		1D60588D0D05DD3D006BFB54 /* Resources */ = {
			isa = PBXResourcesBuildPhase;
			buildActionMask = 2147483647;
			files = (
				28AD733F0D9D9553002E5188 /* MainWindow.xib in Resources */,
				945A4922186D8D8A00C1F21F /* s_aniways_ebp_keyboard_button@2x.png in Resources */,
				3AC80F9613EC953D00712F9A /* MessageEntryBackground.png in Resources */,
				3AC80F9713EC953D00712F9A /* MessageEntryBackground@2x.png in Resources */,
				3AC80F9813EC953D00712F9A /* MessageEntryInputField.png in Resources */,
				3AC80F9913EC953D00712F9A /* MessageEntryInputField@2x.png in Resources */,
				3ADB373513EE98D60006E262 /* MessageEntrySendButton.png in Resources */,
				945A4921186D8D8A00C1F21F /* s_aniways_ebp_keyboard_button.png in Resources */,
				3ADB373613EE98D60006E262 /* MessageEntrySendButton@2x.png in Resources */,
				3ADB373713EE98D60006E262 /* MessageEntrySendButtonPressed.png in Resources */,
				3ADB373813EE98D60006E262 /* MessageEntrySendButtonPressed@2x.png in Resources */,
				3A6144DE17719E8500311E3E /* Default-568h@2x.png in Resources */,
				945A4920186D8D8A00C1F21F /* s_aniways_ebp_icons_button@2x.png in Resources */,
				94999C1917CB9A5E007282AE /* MessageBubbleBlue.png in Resources */,
				94999C1A17CB9A5E007282AE /* MessageBubbleBlue@2x.png in Resources */,
				945A491F186D8D8A00C1F21F /* s_aniways_ebp_icons_button.png in Resources */,
			);
			runOnlyForDeploymentPostprocessing = 0;
		};
/* End PBXResourcesBuildPhase section */

/* Begin PBXShellScriptBuildPhase section */
		46FCC5F027E343CB914BA97D /* Copy Pods Resources */ = {
			isa = PBXShellScriptBuildPhase;
			buildActionMask = 2147483647;
			files = (
			);
			inputPaths = (
			);
			name = "Copy Pods Resources";
			outputPaths = (
			);
			runOnlyForDeploymentPostprocessing = 0;
			shellPath = /bin/sh;
			shellScript = "\"${SRCROOT}/Pods/Pods-GrowingTextViewExample-resources.sh\"\n";
			showEnvVarsInLog = 0;
		};
		5E58A370B2DB4667A21B3A99 /* Check Pods Manifest.lock */ = {
			isa = PBXShellScriptBuildPhase;
			buildActionMask = 2147483647;
			files = (
			);
			inputPaths = (
			);
			name = "Check Pods Manifest.lock";
			outputPaths = (
			);
			runOnlyForDeploymentPostprocessing = 0;
			shellPath = /bin/sh;
			shellScript = "diff \"${PODS_ROOT}/../Podfile.lock\" \"${PODS_ROOT}/Manifest.lock\" > /dev/null\nif [[ $? != 0 ]] ; then\n    cat << EOM\nerror: The sandbox is not in sync with the Podfile.lock. Run 'pod install' or update your CocoaPods installation.\nEOM\n    exit 1\nfi\n";
			showEnvVarsInLog = 0;
		};
/* End PBXShellScriptBuildPhase section */

/* Begin PBXSourcesBuildPhase section */
		1D60588E0D05DD3D006BFB54 /* Sources */ = {
			isa = PBXSourcesBuildPhase;
			buildActionMask = 2147483647;
			files = (
				1D60589B0D05DD56006BFB54 /* main.m in Sources */,
				1D3623260D0F684500981E51 /* GrowingTextViewExampleAppDelegate.m in Sources */,
				28D7ACF80DDB3853001CB0EB /* GrowingTextViewExampleViewController.m in Sources */,
				9414167D17B626B20079AD29 /* HPGrowingTextView.m in Sources */,
				9414167E17B626B20079AD29 /* HPTextViewInternal.m in Sources */,
			);
			runOnlyForDeploymentPostprocessing = 0;
		};
/* End PBXSourcesBuildPhase section */

/* Begin XCBuildConfiguration section */
		1D6058940D05DD3E006BFB54 /* Debug */ = {
			isa = XCBuildConfiguration;
			baseConfigurationReference = 9456CDAD281D4B96AD94D472 /* Pods-GrowingTextViewExample.xcconfig */;
			buildSettings = {
				ALWAYS_SEARCH_USER_PATHS = NO;
				ARCHS = "$(ARCHS_STANDARD_INCLUDING_64_BIT)";
				CLANG_ENABLE_OBJC_ARC = YES;
				COPY_PHASE_STRIP = NO;
				FRAMEWORK_SEARCH_PATHS = "$(inherited)";
				GCC_DYNAMIC_NO_PIC = NO;
				GCC_OPTIMIZATION_LEVEL = 0;
				GCC_PRECOMPILE_PREFIX_HEADER = YES;
				GCC_PREFIX_HEADER = GrowingTextViewExample_Prefix.pch;
				GCC_VERSION = com.apple.compilers.llvm.clang.1_0;
				HEADER_SEARCH_PATHS = "";
				INFOPLIST_FILE = "GrowingTextViewExample-Info.plist";
				IPHONEOS_DEPLOYMENT_TARGET = 6.0;
				LIBRARY_SEARCH_PATHS = "$(inherited)";
				PRODUCT_NAME = demoApp;
				SDKROOT = iphoneos;
			};
			name = Debug;
		};
		1D6058950D05DD3E006BFB54 /* Release */ = {
			isa = XCBuildConfiguration;
			baseConfigurationReference = 9456CDAD281D4B96AD94D472 /* Pods-GrowingTextViewExample.xcconfig */;
			buildSettings = {
				ALWAYS_SEARCH_USER_PATHS = NO;
				ARCHS = "$(ARCHS_STANDARD_INCLUDING_64_BIT)";
				CLANG_ENABLE_OBJC_ARC = YES;
				COPY_PHASE_STRIP = YES;
				FRAMEWORK_SEARCH_PATHS = "$(inherited)";
				GCC_PRECOMPILE_PREFIX_HEADER = YES;
				GCC_PREFIX_HEADER = GrowingTextViewExample_Prefix.pch;
				GCC_VERSION = com.apple.compilers.llvm.clang.1_0;
				HEADER_SEARCH_PATHS = "";
				INFOPLIST_FILE = "GrowingTextViewExample-Info.plist";
				IPHONEOS_DEPLOYMENT_TARGET = 6.0;
				LIBRARY_SEARCH_PATHS = "$(inherited)";
				PRODUCT_NAME = demoApp;
				SDKROOT = iphoneos;
				VALIDATE_PRODUCT = YES;
			};
			name = Release;
		};
		C01FCF4F08A954540054247B /* Debug */ = {
			isa = XCBuildConfiguration;
			buildSettings = {
				ARCHS = "$(ARCHS_STANDARD)";
				"CODE_SIGN_IDENTITY[sdk=iphoneos*]" = "iPhone Developer";
				FRAMEWORK_SEARCH_PATHS = "";
				GCC_C_LANGUAGE_STANDARD = c99;
				GCC_WARN_ABOUT_RETURN_TYPE = YES;
				GCC_WARN_UNUSED_VARIABLE = YES;
				ONLY_ACTIVE_ARCH = YES;
				SDKROOT = iphoneos;
			};
			name = Debug;
		};
		C01FCF5008A954540054247B /* Release */ = {
			isa = XCBuildConfiguration;
			buildSettings = {
				ARCHS = "$(ARCHS_STANDARD)";
				"CODE_SIGN_IDENTITY[sdk=iphoneos*]" = "iPhone Developer";
				FRAMEWORK_SEARCH_PATHS = "";
				GCC_C_LANGUAGE_STANDARD = c99;
				GCC_WARN_ABOUT_RETURN_TYPE = YES;
				GCC_WARN_UNUSED_VARIABLE = YES;
				OTHER_CFLAGS = "-DNS_BLOCK_ASSERTIONS=1";
				SDKROOT = iphoneos;
			};
			name = Release;
		};
/* End XCBuildConfiguration section */

/* Begin XCConfigurationList section */
		1D6058960D05DD3E006BFB54 /* Build configuration list for PBXNativeTarget "GrowingTextViewExample" */ = {
			isa = XCConfigurationList;
			buildConfigurations = (
				1D6058940D05DD3E006BFB54 /* Debug */,
				1D6058950D05DD3E006BFB54 /* Release */,
			);
			defaultConfigurationIsVisible = 0;
			defaultConfigurationName = Release;
		};
		C01FCF4E08A954540054247B /* Build configuration list for PBXProject "GrowingTextViewExample" */ = {
			isa = XCConfigurationList;
			buildConfigurations = (
				C01FCF4F08A954540054247B /* Debug */,
				C01FCF5008A954540054247B /* Release */,
			);
			defaultConfigurationIsVisible = 0;
			defaultConfigurationName = Release;
		};
/* End XCConfigurationList section */
	};
	rootObject = 29B97313FDCFA39411CA2CEA /* Project object */;
}
